definition: 171Yb光晶格钟，用于绝对频率测量和SI秒验证
id: evid_A58NXQWU_ent.yb_optical_lattice_clock
metadata:
  original_file: /data/sci-logic-kb/topics/frequency-standards/papers/mcgrew2019.yaml
  source_paper: mcgrew2019
  zotero_key: A58NXQWU
name: Yb 光晶格原子钟
original_id: ent.yb_optical_lattice_clock
properties: {}
status: Determined
type: Entity/Factor
