definition: '利用射频 Paul 阱囚禁单个或少数激光冷却离子，探测极窄光学跃迁作为频率参考。 单离子系统具有极低的系统效应，适合追求极致准确度。 代表性跃迁：²⁷Al⁺（626
  nm）、¹⁷¹Yb⁺ E3（467 nm）。

  '
id: evid_BWR7TEZ6_ent.trapped_ion_optical_clock
metadata:
  original_file: /data/sci-logic-kb/topics/frequency-standards/papers/fortier2026.yaml
  source_paper: fortier2026
  zotero_key: BWR7TEZ6
name: 囚禁离子光钟（架构子类型）
original_id: ent.trapped_ion_optical_clock
properties:
  best_systematic_uncertainty: 5.5×10⁻¹⁹（²⁷Al⁺ NIST，综述汇总值）
  demonstrated_value: 55000000000.0
  detection_method: 电子搁置技术（electron shelving）/ 量子逻辑读出
  representative_species: ²⁷Al⁺、¹⁷¹Yb⁺（E3）、⁸⁸Sr⁺、¹¹⁵In⁺、¹⁷⁶Lu⁺
  stability_limit: σ_y ∝ 1/(ν₀·T_m·√N_a)，N_a=1 → 需长时间平均
  value_type: quantitative
status: Determined
type: Entity/Factor
